<Solution>
  <Project Path="../test/Presenter.Core.Tests/Presenter.Core.Tests.csproj" />
  <Project Path="../test/Presenter.Data.Tests/Presenter.Data.Tests.csproj" />
  <Project Path="Presenter.App/Presenter.App.csproj" />
  <Project Path="Presenter.Core/Presenter.Core.csproj" />
  <Project Path="Presenter.Data/Presenter.Data.csproj" />
  <Project Path="Presenter.Engine.Com/Presenter.Engine.Com.csproj" />
  <Project Path="Presenter.Engine.Uno/Presenter.Engine.Uno.csproj" />
  <Project Path="Presenter.Engine.Uno.Smoke/Presenter.Engine.Uno.Smoke.csproj" />
  <Project Path="Presenter.SdfExport/Presenter.SdfExport.csproj" />
</Solution>
